
Microsoft Visual Studio Solution File, Format Version 10.00
# Visual Studio 2008
Project("{8BC9CEB8-8B4A-11D0-8D11-00A0C91BC942}") = "PocoTest", "PocoTest.vcproj", "{6FEC3623-C528-4356-B09A-68146B45DC6B}"
EndProject
Global
	GlobalSection(SolutionConfigurationPlatforms) = preSolution
		Debug|Win32 = Debug|Win32
		Release|Win32 = Release|Win32
	EndGlobalSection
	GlobalSection(ProjectConfigurationPlatforms) = postSolution
		{6FEC3623-C528-4356-B09A-68146B45DC6B}.Debug|Win32.ActiveCfg = Debug|Win32
		{6FEC3623-C528-4356-B09A-68146B45DC6B}.Debug|Win32.Build.0 = Debug|Win32
		{6FEC3623-C528-4356-B09A-68146B45DC6B}.Release|Win32.ActiveCfg = Release|Win32
		{6FEC3623-C528-4356-B09A-68146B45DC6B}.Release|Win32.Build.0 = Release|Win32
	EndGlobalSection
	GlobalSection(SolutionProperties) = preSolution
		HideSolutionNode = FALSE
	EndGlobalSection
EndGlobal
